
Microsoft Visual Studio Solution File, Format Version 12.00
# Visual Studio Version 16
VisualStudioVersion = 16.0.31729.503
MinimumVisualStudioVersion = 10.0.40219.1
Project("{FAE04EC0-301F-11D3-BF4B-00C04F79EFBC}") = "PripremaZaProvjeruZnanja", "PripremaZaProvjeruZnanja\PripremaZaProvjeruZnanja.csproj", "{5AA38ACC-5C2C-469C-8AF8-EB99DA4B914C}"
EndProject
Global
	GlobalSection(SolutionConfigurationPlatforms) = preSolution
		Debug|Any CPU = Debug|Any CPU
		Release|Any CPU = Release|Any CPU
	EndGlobalSection
	GlobalSection(ProjectConfigurationPlatforms) = postSolution
		{5AA38ACC-5C2C-469C-8AF8-EB99DA4B914C}.Debug|Any CPU.ActiveCfg = Debug|Any CPU
		{5AA38ACC-5C2C-469C-8AF8-EB99DA4B914C}.Debug|Any CPU.Build.0 = Debug|Any CPU
		{5AA38ACC-5C2C-469C-8AF8-EB99DA4B914C}.Release|Any CPU.ActiveCfg = Release|Any CPU
		{5AA38ACC-5C2C-469C-8AF8-EB99DA4B914C}.Release|Any CPU.Build.0 = Release|Any CPU
	EndGlobalSection
	GlobalSection(SolutionProperties) = preSolution
		HideSolutionNode = FALSE
	EndGlobalSection
	GlobalSection(ExtensibilityGlobals) = postSolution
		SolutionGuid = {EF6729DD-5000-4550-BECB-06AB77ADC4A0}
	EndGlobalSection
EndGlobal
